
Microsoft Visual Studio Solution File, Format Version 12.00
# Visual Studio Version 17
VisualStudioVersion = 17.0.31903.59
MinimumVisualStudioVersion = 10.0.40219.1
Project("{2150E333-8FDC-42A3-9474-1A3956D46DE8}") = "Solution Items", "Solution Items", "{93BD6F75-CECC-4A34-9B6F-570B24384A87}"
	ProjectSection(SolutionItems) = preProject
		.editorconfig = .editorconfig
		tests\.editorconfig = tests\.editorconfig
		Directory.Build.props = Directory.Build.props
		src\Directory.Build.props = src\Directory.Build.props
		tests\Directory.Build.props = tests\Directory.Build.props
		Directory.Packages.props = Directory.Packages.props
	EndProjectSection
EndProject
Project("{2150E333-8FDC-42A3-9474-1A3956D46DE8}") = "src", "src", "{CB8C43EE-45DB-479A-B2DB-A29342B438FC}"
EndProject
Project("{FAE04EC0-301F-11D3-BF4B-00C04F79EFBC}") = "Commands", "src\Commands\Commands.csproj", "{FD70BFF1-33E6-4FD0-898E-2B76592CE79A}"
EndProject
Project("{FAE04EC0-301F-11D3-BF4B-00C04F79EFBC}") = "Queries", "src\Queries\Queries.csproj", "{CF926533-33EB-48C8-A24D-B79A25146039}"
EndProject
Project("{FAE04EC0-301F-11D3-BF4B-00C04F79EFBC}") = "Core", "src\Core\Core.csproj", "{5D3EF9EC-FD40-4472-9318-8C1F240E45A2}"
EndProject
Project("{2150E333-8FDC-42A3-9474-1A3956D46DE8}") = "tests", "tests", "{48F640C6-C6A3-46AF-B712-C53B6FF866BA}"
EndProject
Project("{2150E333-8FDC-42A3-9474-1A3956D46DE8}") = "unit", "unit", "{FA0B78AC-7B5C-4E99-AD4E-F6F1CED308D6}"
EndProject
Project("{2150E333-8FDC-42A3-9474-1A3956D46DE8}") = "Core", "Core", "{AAC71100-8FB1-4849-9EA4-D36291C10869}"
EndProject
Project("{FAE04EC0-301F-11D3-BF4B-00C04F79EFBC}") = "ArgumentAssociationsInvalidator", "tests\unit\Core\ArgumentAssociationsInvalidator\ArgumentAssociationsInvalidator.csproj", "{4DE8CBD1-22FB-4775-BC8F-6732655FCCE6}"
EndProject
Project("{FAE04EC0-301F-11D3-BF4B-00C04F79EFBC}") = "ArgumentAssociationsInvalidityTracker", "tests\unit\Core\ArgumentAssociationsInvalidityTracker\ArgumentAssociationsInvalidityTracker.csproj", "{EFBA1C12-1374-4534-9421-346924842B2F}"
EndProject
Project("{2150E333-8FDC-42A3-9474-1A3956D46DE8}") = "Models", "Models", "{71FD17E7-CF94-4B67-B59F-E27DF9BF99C9}"
EndProject
Project("{FAE04EC0-301F-11D3-BF4B-00C04F79EFBC}") = "ArgumentAssociationsInvalidity", "tests\unit\Core\Models\ArgumentAssociationsInvalidity\ArgumentAssociationsInvalidity.csproj", "{48501191-9E89-4881-A00E-72432B67A794}"
EndProject
Project("{FAE04EC0-301F-11D3-BF4B-00C04F79EFBC}") = "ArgumentAssociationsInvalidityStatusProvider", "tests\unit\Core\ArgumentAssociationsInvalidityStatusProvider\ArgumentAssociationsInvalidityStatusProvider.csproj", "{AE918923-BA29-4A73-AA1C-62AF7968CC8B}"
EndProject
Project("{FAE04EC0-301F-11D3-BF4B-00C04F79EFBC}") = "ArgumentAssociationsInvalidatorProvider", "tests\unit\Core\ArgumentAssociationsInvalidatorProvider\ArgumentAssociationsInvalidatorProvider.csproj", "{AEECA3B3-6CA9-43B0-891E-076E23A8D17F}"
EndProject
Global
	GlobalSection(SolutionConfigurationPlatforms) = preSolution
		Debug|Any CPU = Debug|Any CPU
		Release|Any CPU = Release|Any CPU
	EndGlobalSection
	GlobalSection(ProjectConfigurationPlatforms) = postSolution
		{FD70BFF1-33E6-4FD0-898E-2B76592CE79A}.Debug|Any CPU.ActiveCfg = Debug|Any CPU
		{FD70BFF1-33E6-4FD0-898E-2B76592CE79A}.Debug|Any CPU.Build.0 = Debug|Any CPU
		{FD70BFF1-33E6-4FD0-898E-2B76592CE79A}.Release|Any CPU.ActiveCfg = Release|Any CPU
		{FD70BFF1-33E6-4FD0-898E-2B76592CE79A}.Release|Any CPU.Build.0 = Release|Any CPU
		{CF926533-33EB-48C8-A24D-B79A25146039}.Debug|Any CPU.ActiveCfg = Debug|Any CPU
		{CF926533-33EB-48C8-A24D-B79A25146039}.Debug|Any CPU.Build.0 = Debug|Any CPU
		{CF926533-33EB-48C8-A24D-B79A25146039}.Release|Any CPU.ActiveCfg = Release|Any CPU
		{CF926533-33EB-48C8-A24D-B79A25146039}.Release|Any CPU.Build.0 = Release|Any CPU
		{5D3EF9EC-FD40-4472-9318-8C1F240E45A2}.Debug|Any CPU.ActiveCfg = Debug|Any CPU
		{5D3EF9EC-FD40-4472-9318-8C1F240E45A2}.Debug|Any CPU.Build.0 = Debug|Any CPU
		{5D3EF9EC-FD40-4472-9318-8C1F240E45A2}.Release|Any CPU.ActiveCfg = Release|Any CPU
		{5D3EF9EC-FD40-4472-9318-8C1F240E45A2}.Release|Any CPU.Build.0 = Release|Any CPU
		{4DE8CBD1-22FB-4775-BC8F-6732655FCCE6}.Debug|Any CPU.ActiveCfg = Debug|Any CPU
		{4DE8CBD1-22FB-4775-BC8F-6732655FCCE6}.Debug|Any CPU.Build.0 = Debug|Any CPU
		{4DE8CBD1-22FB-4775-BC8F-6732655FCCE6}.Release|Any CPU.ActiveCfg = Release|Any CPU
		{4DE8CBD1-22FB-4775-BC8F-6732655FCCE6}.Release|Any CPU.Build.0 = Release|Any CPU
		{EFBA1C12-1374-4534-9421-346924842B2F}.Debug|Any CPU.ActiveCfg = Debug|Any CPU
		{EFBA1C12-1374-4534-9421-346924842B2F}.Debug|Any CPU.Build.0 = Debug|Any CPU
		{EFBA1C12-1374-4534-9421-346924842B2F}.Release|Any CPU.ActiveCfg = Release|Any CPU
		{EFBA1C12-1374-4534-9421-346924842B2F}.Release|Any CPU.Build.0 = Release|Any CPU
		{48501191-9E89-4881-A00E-72432B67A794}.Debug|Any CPU.ActiveCfg = Debug|Any CPU
		{48501191-9E89-4881-A00E-72432B67A794}.Debug|Any CPU.Build.0 = Debug|Any CPU
		{48501191-9E89-4881-A00E-72432B67A794}.Release|Any CPU.ActiveCfg = Release|Any CPU
		{48501191-9E89-4881-A00E-72432B67A794}.Release|Any CPU.Build.0 = Release|Any CPU
		{AE918923-BA29-4A73-AA1C-62AF7968CC8B}.Debug|Any CPU.ActiveCfg = Debug|Any CPU
		{AE918923-BA29-4A73-AA1C-62AF7968CC8B}.Debug|Any CPU.Build.0 = Debug|Any CPU
		{AE918923-BA29-4A73-AA1C-62AF7968CC8B}.Release|Any CPU.ActiveCfg = Release|Any CPU
		{AE918923-BA29-4A73-AA1C-62AF7968CC8B}.Release|Any CPU.Build.0 = Release|Any CPU
		{AEECA3B3-6CA9-43B0-891E-076E23A8D17F}.Debug|Any CPU.ActiveCfg = Debug|Any CPU
		{AEECA3B3-6CA9-43B0-891E-076E23A8D17F}.Debug|Any CPU.Build.0 = Debug|Any CPU
		{AEECA3B3-6CA9-43B0-891E-076E23A8D17F}.Release|Any CPU.ActiveCfg = Release|Any CPU
		{AEECA3B3-6CA9-43B0-891E-076E23A8D17F}.Release|Any CPU.Build.0 = Release|Any CPU
	EndGlobalSection
	GlobalSection(SolutionProperties) = preSolution
		HideSolutionNode = FALSE
	EndGlobalSection
	GlobalSection(NestedProjects) = preSolution
		{FD70BFF1-33E6-4FD0-898E-2B76592CE79A} = {CB8C43EE-45DB-479A-B2DB-A29342B438FC}
		{CF926533-33EB-48C8-A24D-B79A25146039} = {CB8C43EE-45DB-479A-B2DB-A29342B438FC}
		{5D3EF9EC-FD40-4472-9318-8C1F240E45A2} = {CB8C43EE-45DB-479A-B2DB-A29342B438FC}
		{FA0B78AC-7B5C-4E99-AD4E-F6F1CED308D6} = {48F640C6-C6A3-46AF-B712-C53B6FF866BA}
		{AAC71100-8FB1-4849-9EA4-D36291C10869} = {FA0B78AC-7B5C-4E99-AD4E-F6F1CED308D6}
		{4DE8CBD1-22FB-4775-BC8F-6732655FCCE6} = {AAC71100-8FB1-4849-9EA4-D36291C10869}
		{EFBA1C12-1374-4534-9421-346924842B2F} = {AAC71100-8FB1-4849-9EA4-D36291C10869}
		{71FD17E7-CF94-4B67-B59F-E27DF9BF99C9} = {AAC71100-8FB1-4849-9EA4-D36291C10869}
		{48501191-9E89-4881-A00E-72432B67A794} = {71FD17E7-CF94-4B67-B59F-E27DF9BF99C9}
		{AE918923-BA29-4A73-AA1C-62AF7968CC8B} = {AAC71100-8FB1-4849-9EA4-D36291C10869}
		{AEECA3B3-6CA9-43B0-891E-076E23A8D17F} = {AAC71100-8FB1-4849-9EA4-D36291C10869}
	EndGlobalSection
	GlobalSection(ExtensibilityGlobals) = postSolution
		SolutionGuid = {A8BF900F-8E8F-47C1-A16F-1AE237548BDF}
	EndGlobalSection
EndGlobal
